// !$*UTF8*$!
{
	archiveVersion = 1;
	classes = {
	};
	objectVersion = 55;
	objects = {

/* Begin PBXBuildFile section */
		6FD6952628BEBE4400677F7A /* MyClubAppApp.swift in Sources */ = {isa = PBXBuildFile; fileRef = 6FD6952528BEBE4400677F7A /* MyClubAppApp.swift */; };
		6FD6952A28BEBE4600677F7A /* Assets.xcassets in Resources */ = {isa = PBXBuildFile; fileRef = 6FD6952928BEBE4600677F7A /* Assets.xcassets */; };
		6FD6952D28BEBE4600677F7A /* Preview Assets.xcassets in Resources */ = {isa = PBXBuildFile; fileRef = 6FD6952C28BEBE4600677F7A /* Preview Assets.xcassets */; };
		6FD6952F28BEBE4600677F7A /* Persistence.swift in Sources */ = {isa = PBXBuildFile; fileRef = 6FD6952E28BEBE4600677F7A /* Persistence.swift */; };
		6FD6953228BEBE4600677F7A /* MyClubApp.xcdatamodeld in Sources */ = {isa = PBXBuildFile; fileRef = 6FD6953028BEBE4600677F7A /* MyClubApp.xcdatamodeld */; };
		6FD6956828BED72B00677F7A /* Configuration.swift in Sources */ = {isa = PBXBuildFile; fileRef = 6FD6955628BED72A00677F7A /* Configuration.swift */; };
		6FD6956928BED72B00677F7A /* HomeWebView.swift in Sources */ = {isa = PBXBuildFile; fileRef = 6FD6955928BED72A00677F7A /* HomeWebView.swift */; };
		6FD6956A28BED72B00677F7A /* OnBoardingView.swift in Sources */ = {isa = PBXBuildFile; fileRef = 6FD6955A28BED72A00677F7A /* OnBoardingView.swift */; };
		6FD6956B28BED72B00677F7A /* SignUpView.swift in Sources */ = {isa = PBXBuildFile; fileRef = 6FD6955C28BED72A00677F7A /* SignUpView.swift */; };
		6FD6956C28BED72B00677F7A /* MenuView.swift in Sources */ = {isa = PBXBuildFile; fileRef = 6FD6955E28BED72A00677F7A /* MenuView.swift */; };
		6FD6956D28BED72B00677F7A /* BaseView.swift in Sources */ = {isa = PBXBuildFile; fileRef = 6FD6955F28BED72A00677F7A /* BaseView.swift */; };
		6FD6956E28BED72B00677F7A /* PresentedView.swift in Sources */ = {isa = PBXBuildFile; fileRef = 6FD6956128BED72A00677F7A /* PresentedView.swift */; };
		6FD6956F28BED72B00677F7A /* Assets.xcassets in Resources */ = {isa = PBXBuildFile; fileRef = 6FD6956428BED72B00677F7A /* Assets.xcassets */; };
		6FD6957128BED72B00677F7A /* WebViewController.swift in Sources */ = {isa = PBXBuildFile; fileRef = 6FD6956728BED72B00677F7A /* WebViewController.swift */; };
		6FD6957928BEDB9800677F7A /* FCEBM-Info.plist in Resources */ = {isa = PBXBuildFile; fileRef = 6FD6957828BEDB9800677F7A /* FCEBM-Info.plist */; };
/* End PBXBuildFile section */

/* Begin PBXFileReference section */
		6FD6952228BEBE4400677F7A /* MyClubApp.app */ = {isa = PBXFileReference; explicitFileType = wrapper.application; includeInIndex = 0; path = MyClubApp.app; sourceTree = BUILT_PRODUCTS_DIR; };
		6FD6952528BEBE4400677F7A /* MyClubAppApp.swift */ = {isa = PBXFileReference; lastKnownFileType = sourcecode.swift; path = MyClubAppApp.swift; sourceTree = "<group>"; };
		6FD6952928BEBE4600677F7A /* Assets.xcassets */ = {isa = PBXFileReference; lastKnownFileType = folder.assetcatalog; path = Assets.xcassets; sourceTree = "<group>"; };
		6FD6952C28BEBE4600677F7A /* Preview Assets.xcassets */ = {isa = PBXFileReference; lastKnownFileType = folder.assetcatalog; path = "Preview Assets.xcassets"; sourceTree = "<group>"; };
		6FD6952E28BEBE4600677F7A /* Persistence.swift */ = {isa = PBXFileReference; lastKnownFileType = sourcecode.swift; path = Persistence.swift; sourceTree = "<group>"; };
		6FD6953128BEBE4600677F7A /* MyClubApp.xcdatamodel */ = {isa = PBXFileReference; lastKnownFileType = wrapper.xcdatamodel; path = MyClubApp.xcdatamodel; sourceTree = "<group>"; };
		6FD6955628BED72A00677F7A /* Configuration.swift */ = {isa = PBXFileReference; fileEncoding = 4; lastKnownFileType = sourcecode.swift; path = Configuration.swift; sourceTree = "<group>"; };
		6FD6955928BED72A00677F7A /* HomeWebView.swift */ = {isa = PBXFileReference; fileEncoding = 4; lastKnownFileType = sourcecode.swift; path = HomeWebView.swift; sourceTree = "<group>"; };
		6FD6955A28BED72A00677F7A /* OnBoardingView.swift */ = {isa = PBXFileReference; fileEncoding = 4; lastKnownFileType = sourcecode.swift; path = OnBoardingView.swift; sourceTree = "<group>"; };
		6FD6955C28BED72A00677F7A /* SignUpView.swift */ = {isa = PBXFileReference; fileEncoding = 4; lastKnownFileType = sourcecode.swift; path = SignUpView.swift; sourceTree = "<group>"; };
		6FD6955E28BED72A00677F7A /* MenuView.swift */ = {isa = PBXFileReference; fileEncoding = 4; lastKnownFileType = sourcecode.swift; path = MenuView.swift; sourceTree = "<group>"; };
		6FD6955F28BED72A00677F7A /* BaseView.swift */ = {isa = PBXFileReference; fileEncoding = 4; lastKnownFileType = sourcecode.swift; path = BaseView.swift; sourceTree = "<group>"; };
		6FD6956128BED72A00677F7A /* PresentedView.swift */ = {isa = PBXFileReference; fileEncoding = 4; lastKnownFileType = sourcecode.swift; path = PresentedView.swift; sourceTree = "<group>"; };
		6FD6956428BED72B00677F7A /* Assets.xcassets */ = {isa = PBXFileReference; lastKnownFileType = folder.assetcatalog; path = Assets.xcassets; sourceTree = "<group>"; };
		6FD6956728BED72B00677F7A /* WebViewController.swift */ = {isa = PBXFileReference; fileEncoding = 4; lastKnownFileType = sourcecode.swift; path = WebViewController.swift; sourceTree = "<group>"; };
		6FD6957828BEDB9800677F7A /* FCEBM-Info.plist */ = {isa = PBXFileReference; fileEncoding = 4; lastKnownFileType = text.plist.xml; path = "FCEBM-Info.plist"; sourceTree = "<group>"; };
/* End PBXFileReference section */

/* Begin PBXFrameworksBuildPhase section */
		6FD6951F28BEBE4400677F7A /* Frameworks */ = {
			isa = PBXFrameworksBuildPhase;
			buildActionMask = 2147483647;
			files = (
			);
			runOnlyForDeploymentPostprocessing = 0;
		};
/* End PBXFrameworksBuildPhase section */

/* Begin PBXGroup section */
		6FD6951928BEBE4400677F7A = {
			isa = PBXGroup;
			children = (
				6FD6952428BEBE4400677F7A /* MyClubApp */,
				6FD6952328BEBE4400677F7A /* Products */,
			);
			sourceTree = "<group>";
		};
		6FD6952328BEBE4400677F7A /* Products */ = {
			isa = PBXGroup;
			children = (
				6FD6952228BEBE4400677F7A /* MyClubApp.app */,
			);
			name = Products;
			sourceTree = "<group>";
		};
		6FD6952428BEBE4400677F7A /* MyClubApp */ = {
			isa = PBXGroup;
			children = (
				6FD6956628BED72B00677F7A /* Controllers */,
				6FD6955528BED72A00677F7A /* Helpers */,
				6FD6956028BED72A00677F7A /* Models */,
				6FD6956228BED72B00677F7A /* Resources */,
				6FD6955728BED72A00677F7A /* Views */,
				6FD6952528BEBE4400677F7A /* MyClubAppApp.swift */,
				6FD6952928BEBE4600677F7A /* Assets.xcassets */,
				6FD6952E28BEBE4600677F7A /* Persistence.swift */,
				6FD6953028BEBE4600677F7A /* MyClubApp.xcdatamodeld */,
				6FD6952B28BEBE4600677F7A /* Preview Content */,
			);
			path = MyClubApp;
			sourceTree = "<group>";
		};
		6FD6952B28BEBE4600677F7A /* Preview Content */ = {
			isa = PBXGroup;
			children = (
				6FD6952C28BEBE4600677F7A /* Preview Assets.xcassets */,
			);
			path = "Preview Content";
			sourceTree = "<group>";
		};
		6FD6955528BED72A00677F7A /* Helpers */ = {
			isa = PBXGroup;
			children = (
				6FD6955628BED72A00677F7A /* Configuration.swift */,
			);
			path = Helpers;
			sourceTree = "<group>";
		};
		6FD6955728BED72A00677F7A /* Views */ = {
			isa = PBXGroup;
			children = (
				6FD6955828BED72A00677F7A /* OnBoardingViews */,
				6FD6955B28BED72A00677F7A /* Auth */,
				6FD6955D28BED72A00677F7A /* Menu */,
			);
			path = Views;
			sourceTree = "<group>";
		};
		6FD6955828BED72A00677F7A /* OnBoardingViews */ = {
			isa = PBXGroup;
			children = (
				6FD6955928BED72A00677F7A /* HomeWebView.swift */,
				6FD6955A28BED72A00677F7A /* OnBoardingView.swift */,
			);
			path = OnBoardingViews;
			sourceTree = "<group>";
		};
		6FD6955B28BED72A00677F7A /* Auth */ = {
			isa = PBXGroup;
			children = (
				6FD6955C28BED72A00677F7A /* SignUpView.swift */,
			);
			path = Auth;
			sourceTree = "<group>";
		};
		6FD6955D28BED72A00677F7A /* Menu */ = {
			isa = PBXGroup;
			children = (
				6FD6955E28BED72A00677F7A /* MenuView.swift */,
				6FD6955F28BED72A00677F7A /* BaseView.swift */,
			);
			path = Menu;
			sourceTree = "<group>";
		};
		6FD6956028BED72A00677F7A /* Models */ = {
			isa = PBXGroup;
			children = (
				6FD6956128BED72A00677F7A /* PresentedView.swift */,
			);
			path = Models;
			sourceTree = "<group>";
		};
		6FD6956228BED72B00677F7A /* Resources */ = {
			isa = PBXGroup;
			children = (
				6FD6956328BED72B00677F7A /* FCEBM */,
			);
			path = Resources;
			sourceTree = "<group>";
		};
		6FD6956328BED72B00677F7A /* FCEBM */ = {
			isa = PBXGroup;
			children = (
				6FD6957828BEDB9800677F7A /* FCEBM-Info.plist */,
				6FD6956428BED72B00677F7A /* Assets.xcassets */,
			);
			path = FCEBM;
			sourceTree = "<group>";
		};
		6FD6956628BED72B00677F7A /* Controllers */ = {
			isa = PBXGroup;
			children = (
				6FD6956728BED72B00677F7A /* WebViewController.swift */,
			);
			path = Controllers;
			sourceTree = "<group>";
		};
/* End PBXGroup section */

/* Begin PBXNativeTarget section */
		6FD6952128BEBE4400677F7A /* MyClubApp */ = {
			isa = PBXNativeTarget;
			buildConfigurationList = 6FD6953528BEBE4600677F7A /* Build configuration list for PBXNativeTarget "MyClubApp" */;
			buildPhases = (
				6FD6951E28BEBE4400677F7A /* Sources */,
				6FD6951F28BEBE4400677F7A /* Frameworks */,
				6FD6952028BEBE4400677F7A /* Resources */,
			);
			buildRules = (
			);
			dependencies = (
			);
			name = MyClubApp;
			productName = MyClubApp;
			productReference = 6FD6952228BEBE4400677F7A /* MyClubApp.app */;
			productType = "com.apple.product-type.application";
		};
/* End PBXNativeTarget section */

/* Begin PBXProject section */
		6FD6951A28BEBE4400677F7A /* Project object */ = {
			isa = PBXProject;
			attributes = {
				BuildIndependentTargetsInParallel = 1;
				LastSwiftUpdateCheck = 1340;
				LastUpgradeCheck = 1340;
				TargetAttributes = {
					6FD6952128BEBE4400677F7A = {
						CreatedOnToolsVersion = 13.4.1;
					};
				};
			};
			buildConfigurationList = 6FD6951D28BEBE4400677F7A /* Build configuration list for PBXProject "MyClubApp" */;
			compatibilityVersion = "Xcode 13.0";
			developmentRegion = en;
			hasScannedForEncodings = 0;
			knownRegions = (
				en,
				Base,
			);
			mainGroup = 6FD6951928BEBE4400677F7A;
			productRefGroup = 6FD6952328BEBE4400677F7A /* Products */;
			projectDirPath = "";
			projectRoot = "";
			targets = (
				6FD6952128BEBE4400677F7A /* MyClubApp */,
			);
		};
/* End PBXProject section */

/* Begin PBXResourcesBuildPhase section */
		6FD6952028BEBE4400677F7A /* Resources */ = {
			isa = PBXResourcesBuildPhase;
			buildActionMask = 2147483647;
			files = (
				6FD6957928BEDB9800677F7A /* FCEBM-Info.plist in Resources */,
				6FD6952D28BEBE4600677F7A /* Preview Assets.xcassets in Resources */,
				6FD6956F28BED72B00677F7A /* Assets.xcassets in Resources */,
				6FD6952A28BEBE4600677F7A /* Assets.xcassets in Resources */,
			);
			runOnlyForDeploymentPostprocessing = 0;
		};
/* End PBXResourcesBuildPhase section */

/* Begin PBXSourcesBuildPhase section */
		6FD6951E28BEBE4400677F7A /* Sources */ = {
			isa = PBXSourcesBuildPhase;
			buildActionMask = 2147483647;
			files = (
				6FD6952F28BEBE4600677F7A /* Persistence.swift in Sources */,
				6FD6957128BED72B00677F7A /* WebViewController.swift in Sources */,
				6FD6956E28BED72B00677F7A /* PresentedView.swift in Sources */,
				6FD6956C28BED72B00677F7A /* MenuView.swift in Sources */,
				6FD6952628BEBE4400677F7A /* MyClubAppApp.swift in Sources */,
				6FD6956828BED72B00677F7A /* Configuration.swift in Sources */,
				6FD6956B28BED72B00677F7A /* SignUpView.swift in Sources */,
				6FD6956A28BED72B00677F7A /* OnBoardingView.swift in Sources */,
				6FD6956D28BED72B00677F7A /* BaseView.swift in Sources */,
				6FD6953228BEBE4600677F7A /* MyClubApp.xcdatamodeld in Sources */,
				6FD6956928BED72B00677F7A /* HomeWebView.swift in Sources */,
			);
			runOnlyForDeploymentPostprocessing = 0;
		};
/* End PBXSourcesBuildPhase section */

/* Begin XCBuildConfiguration section */
		6FD6953328BEBE4600677F7A /* Debug */ = {
			isa = XCBuildConfiguration;
			buildSettings = {
				ALWAYS_SEARCH_USER_PATHS = NO;
				CLANG_ANALYZER_NONNULL = YES;
				CLANG_ANALYZER_NUMBER_OBJECT_CONVERSION = YES_AGGRESSIVE;
				CLANG_CXX_LANGUAGE_STANDARD = "gnu++17";
				CLANG_ENABLE_MODULES = YES;
				CLANG_ENABLE_OBJC_ARC = YES;
				CLANG_ENABLE_OBJC_WEAK = YES;
				CLANG_WARN_BLOCK_CAPTURE_AUTORELEASING = YES;
				CLANG_WARN_BOOL_CONVERSION = YES;
				CLANG_WARN_COMMA = YES;
				CLANG_WARN_CONSTANT_CONVERSION = YES;
				CLANG_WARN_DEPRECATED_OBJC_IMPLEMENTATIONS = YES;
				CLANG_WARN_DIRECT_OBJC_ISA_USAGE = YES_ERROR;
				CLANG_WARN_DOCUMENTATION_COMMENTS = YES;
				CLANG_WARN_EMPTY_BODY = YES;
				CLANG_WARN_ENUM_CONVERSION = YES;
				CLANG_WARN_INFINITE_RECURSION = YES;
				CLANG_WARN_INT_CONVERSION = YES;
				CLANG_WARN_NON_LITERAL_NULL_CONVERSION = YES;
				CLANG_WARN_OBJC_IMPLICIT_RETAIN_SELF = YES;
				CLANG_WARN_OBJC_LITERAL_CONVERSION = YES;
				CLANG_WARN_OBJC_ROOT_CLASS = YES_ERROR;
				CLANG_WARN_QUOTED_INCLUDE_IN_FRAMEWORK_HEADER = YES;
				CLANG_WARN_RANGE_LOOP_ANALYSIS = YES;
				CLANG_WARN_STRICT_PROTOTYPES = YES;
				CLANG_WARN_SUSPICIOUS_MOVE = YES;
				CLANG_WARN_UNGUARDED_AVAILABILITY = YES_AGGRESSIVE;
				CLANG_WARN_UNREACHABLE_CODE = YES;
				CLANG_WARN__DUPLICATE_METHOD_MATCH = YES;
				COPY_PHASE_STRIP = NO;
				DEBUG_INFORMATION_FORMAT = dwarf;
				ENABLE_STRICT_OBJC_MSGSEND = YES;
				ENABLE_TESTABILITY = YES;
				GCC_C_LANGUAGE_STANDARD = gnu11;
				GCC_DYNAMIC_NO_PIC = NO;
				GCC_NO_COMMON_BLOCKS = YES;
				GCC_OPTIMIZATION_LEVEL = 0;
				GCC_PREPROCESSOR_DEFINITIONS = (
					"DEBUG=1",
					"$(inherited)",
				);
				GCC_WARN_64_TO_32_BIT_CONVERSION = YES;
				GCC_WARN_ABOUT_RETURN_TYPE = YES_ERROR;
				GCC_WARN_UNDECLARED_SELECTOR = YES;
				GCC_WARN_UNINITIALIZED_AUTOS = YES_AGGRESSIVE;
				GCC_WARN_UNUSED_FUNCTION = YES;
				GCC_WARN_UNUSED_VARIABLE = YES;
				INFOPLIST_FILE = "MyClubApp/Resources/FCEBM/FCEBM-Info.plist";
				IPHONEOS_DEPLOYMENT_TARGET = 15.5;
				MTL_ENABLE_DEBUG_INFO = INCLUDE_SOURCE;
				MTL_FAST_MATH = YES;
				ONLY_ACTIVE_ARCH = YES;
				SDKROOT = iphoneos;
				SWIFT_ACTIVE_COMPILATION_CONDITIONS = DEBUG;
				SWIFT_OPTIMIZATION_LEVEL = "-Onone";
			};
			name = Debug;
		};
		6FD6953428BEBE4600677F7A /* Release */ = {
			isa = XCBuildConfiguration;
			buildSettings = {
				ALWAYS_SEARCH_USER_PATHS = NO;
				CLANG_ANALYZER_NONNULL = YES;
				CLANG_ANALYZER_NUMBER_OBJECT_CONVERSION = YES_AGGRESSIVE;
				CLANG_CXX_LANGUAGE_STANDARD = "gnu++17";
				CLANG_ENABLE_MODULES = YES;
				CLANG_ENABLE_OBJC_ARC = YES;
				CLANG_ENABLE_OBJC_WEAK = YES;
				CLANG_WARN_BLOCK_CAPTURE_AUTORELEASING = YES;
				CLANG_WARN_BOOL_CONVERSION = YES;
				CLANG_WARN_COMMA = YES;
				CLANG_WARN_CONSTANT_CONVERSION = YES;
				CLANG_WARN_DEPRECATED_OBJC_IMPLEMENTATIONS = YES;
				CLANG_WARN_DIRECT_OBJC_ISA_USAGE = YES_ERROR;
				CLANG_WARN_DOCUMENTATION_COMMENTS = YES;
				CLANG_WARN_EMPTY_BODY = YES;
				CLANG_WARN_ENUM_CONVERSION = YES;
				CLANG_WARN_INFINITE_RECURSION = YES;
				CLANG_WARN_INT_CONVERSION = YES;
				CLANG_WARN_NON_LITERAL_NULL_CONVERSION = YES;
				CLANG_WARN_OBJC_IMPLICIT_RETAIN_SELF = YES;
				CLANG_WARN_OBJC_LITERAL_CONVERSION = YES;
				CLANG_WARN_OBJC_ROOT_CLASS = YES_ERROR;
				CLANG_WARN_QUOTED_INCLUDE_IN_FRAMEWORK_HEADER = YES;
				CLANG_WARN_RANGE_LOOP_ANALYSIS = YES;
				CLANG_WARN_STRICT_PROTOTYPES = YES;
				CLANG_WARN_SUSPICIOUS_MOVE = YES;
				CLANG_WARN_UNGUARDED_AVAILABILITY = YES_AGGRESSIVE;
				CLANG_WARN_UNREACHABLE_CODE = YES;
				CLANG_WARN__DUPLICATE_METHOD_MATCH = YES;
				COPY_PHASE_STRIP = NO;
				DEBUG_INFORMATION_FORMAT = "dwarf-with-dsym";
				ENABLE_NS_ASSERTIONS = NO;
				ENABLE_STRICT_OBJC_MSGSEND = YES;
				GCC_C_LANGUAGE_STANDARD = gnu11;
				GCC_NO_COMMON_BLOCKS = YES;
				GCC_WARN_64_TO_32_BIT_CONVERSION = YES;
				GCC_WARN_ABOUT_RETURN_TYPE = YES_ERROR;
				GCC_WARN_UNDECLARED_SELECTOR = YES;
				GCC_WARN_UNINITIALIZED_AUTOS = YES_AGGRESSIVE;
				GCC_WARN_UNUSED_FUNCTION = YES;
				GCC_WARN_UNUSED_VARIABLE = YES;
				INFOPLIST_FILE = "MyClubApp/Resources/FCEBM/FCEBM-Info.plist";
				IPHONEOS_DEPLOYMENT_TARGET = 15.5;
				MTL_ENABLE_DEBUG_INFO = NO;
				MTL_FAST_MATH = YES;
				SDKROOT = iphoneos;
				SWIFT_COMPILATION_MODE = wholemodule;
				SWIFT_OPTIMIZATION_LEVEL = "-O";
				VALIDATE_PRODUCT = YES;
			};
			name = Release;
		};
		6FD6953628BEBE4600677F7A /* Debug */ = {
			isa = XCBuildConfiguration;
			buildSettings = {
				ASSETCATALOG_COMPILER_APPICON_NAME = AppIcon;
				ASSETCATALOG_COMPILER_GLOBAL_ACCENT_COLOR_NAME = AccentColor;
				CODE_SIGN_STYLE = Automatic;
				CURRENT_PROJECT_VERSION = 1;
				DEVELOPMENT_ASSET_PATHS = "\"MyClubApp/Preview Content\"";
				DEVELOPMENT_TEAM = 7C4373ZES7;
				ENABLE_PREVIEWS = YES;
				GENERATE_INFOPLIST_FILE = YES;
				INFOPLIST_FILE = "MyClubApp/Resources/FCEBM/FCEBM-Info.plist";
				INFOPLIST_KEY_UIApplicationSceneManifest_Generation = YES;
				INFOPLIST_KEY_UIApplicationSupportsIndirectInputEvents = YES;
				INFOPLIST_KEY_UILaunchScreen_Generation = YES;
				INFOPLIST_KEY_UISupportedInterfaceOrientations_iPad = "UIInterfaceOrientationPortrait UIInterfaceOrientationPortraitUpsideDown UIInterfaceOrientationLandscapeLeft UIInterfaceOrientationLandscapeRight";
				INFOPLIST_KEY_UISupportedInterfaceOrientations_iPhone = "UIInterfaceOrientationPortrait UIInterfaceOrientationLandscapeLeft UIInterfaceOrientationLandscapeRight";
				LD_RUNPATH_SEARCH_PATHS = (
					"$(inherited)",
					"@executable_path/Frameworks",
				);
				MARKETING_VERSION = 1.0;
				NEW_SETTING = "";
				PRODUCT_BUNDLE_IDENTIFIER = polestar.MyClubApp;
				PRODUCT_NAME = "$(TARGET_NAME)";
				SWIFT_EMIT_LOC_STRINGS = YES;
				SWIFT_VERSION = 5.0;
				TARGETED_DEVICE_FAMILY = "1,2";
			};
			name = Debug;
		};
		6FD6953728BEBE4600677F7A /* Release */ = {
			isa = XCBuildConfiguration;
			buildSettings = {
				ASSETCATALOG_COMPILER_APPICON_NAME = AppIcon;
				ASSETCATALOG_COMPILER_GLOBAL_ACCENT_COLOR_NAME = AccentColor;
				CODE_SIGN_STYLE = Automatic;
				CURRENT_PROJECT_VERSION = 1;
				DEVELOPMENT_ASSET_PATHS = "\"MyClubApp/Preview Content\"";
				DEVELOPMENT_TEAM = 7C4373ZES7;
				ENABLE_PREVIEWS = YES;
				GENERATE_INFOPLIST_FILE = YES;
				INFOPLIST_FILE = "MyClubApp/Resources/FCEBM/FCEBM-Info.plist";
				INFOPLIST_KEY_UIApplicationSceneManifest_Generation = YES;
				INFOPLIST_KEY_UIApplicationSupportsIndirectInputEvents = YES;
				INFOPLIST_KEY_UILaunchScreen_Generation = YES;
				INFOPLIST_KEY_UISupportedInterfaceOrientations_iPad = "UIInterfaceOrientationPortrait UIInterfaceOrientationPortraitUpsideDown UIInterfaceOrientationLandscapeLeft UIInterfaceOrientationLandscapeRight";
				INFOPLIST_KEY_UISupportedInterfaceOrientations_iPhone = "UIInterfaceOrientationPortrait UIInterfaceOrientationLandscapeLeft UIInterfaceOrientationLandscapeRight";
				LD_RUNPATH_SEARCH_PATHS = (
					"$(inherited)",
					"@executable_path/Frameworks",
				);
				MARKETING_VERSION = 1.0;
				NEW_SETTING = "";
				PRODUCT_BUNDLE_IDENTIFIER = polestar.MyClubApp;
				PRODUCT_NAME = "$(TARGET_NAME)";
				SWIFT_EMIT_LOC_STRINGS = YES;
				SWIFT_VERSION = 5.0;
				TARGETED_DEVICE_FAMILY = "1,2";
			};
			name = Release;
		};
/* End XCBuildConfiguration section */

/* Begin XCConfigurationList section */
		6FD6951D28BEBE4400677F7A /* Build configuration list for PBXProject "MyClubApp" */ = {
			isa = XCConfigurationList;
			buildConfigurations = (
				6FD6953328BEBE4600677F7A /* Debug */,
				6FD6953428BEBE4600677F7A /* Release */,
			);
			defaultConfigurationIsVisible = 0;
			defaultConfigurationName = Release;
		};
		6FD6953528BEBE4600677F7A /* Build configuration list for PBXNativeTarget "MyClubApp" */ = {
			isa = XCConfigurationList;
			buildConfigurations = (
				6FD6953628BEBE4600677F7A /* Debug */,
				6FD6953728BEBE4600677F7A /* Release */,
			);
			defaultConfigurationIsVisible = 0;
			defaultConfigurationName = Release;
		};
/* End XCConfigurationList section */

/* Begin XCVersionGroup section */
		6FD6953028BEBE4600677F7A /* MyClubApp.xcdatamodeld */ = {
			isa = XCVersionGroup;
			children = (
				6FD6953128BEBE4600677F7A /* MyClubApp.xcdatamodel */,
			);
			currentVersion = 6FD6953128BEBE4600677F7A /* MyClubApp.xcdatamodel */;
			path = MyClubApp.xcdatamodeld;
			sourceTree = "<group>";
			versionGroupType = wrapper.xcdatamodel;
		};
/* End XCVersionGroup section */
	};
	rootObject = 6FD6951A28BEBE4400677F7A /* Project object */;
}
