// !$*UTF8*$!
{
	archiveVersion = 1;
	classes = {
	};
	objectVersion = 56;
	objects = {

/* Begin PBXBuildFile section */
		6FE3CA6A28BD536E0006F69F /* MyClubApp.swift in Sources */ = {isa = PBXBuildFile; fileRef = 6FE3CA6928BD536E0006F69F /* MyClubApp.swift */; };
		6FE3CA6C28BD536E0006F69F /* OnBoardingView.swift in Sources */ = {isa = PBXBuildFile; fileRef = 6FE3CA6B28BD536E0006F69F /* OnBoardingView.swift */; };
		6FE3CA6E28BD536F0006F69F /* Assets.xcassets in Resources */ = {isa = PBXBuildFile; fileRef = 6FE3CA6D28BD536F0006F69F /* Assets.xcassets */; };
		6FE3CA7128BD536F0006F69F /* Preview Assets.xcassets in Resources */ = {isa = PBXBuildFile; fileRef = 6FE3CA7028BD536F0006F69F /* Preview Assets.xcassets */; };
		6FE3CA7B28BD536F0006F69F /* MyClubTests.swift in Sources */ = {isa = PBXBuildFile; fileRef = 6FE3CA7A28BD536F0006F69F /* MyClubTests.swift */; };
		6FE3CA8528BD536F0006F69F /* MyClubUITests.swift in Sources */ = {isa = PBXBuildFile; fileRef = 6FE3CA8428BD536F0006F69F /* MyClubUITests.swift */; };
		6FE3CA8728BD536F0006F69F /* MyClubUITestsLaunchTests.swift in Sources */ = {isa = PBXBuildFile; fileRef = 6FE3CA8628BD536F0006F69F /* MyClubUITestsLaunchTests.swift */; };
		6FE3CAA028BD6B940006F69F /* BaseView.swift in Sources */ = {isa = PBXBuildFile; fileRef = 6FE3CA9F28BD6B940006F69F /* BaseView.swift */; };
		6FE3CAA228BD6F5B0006F69F /* MenuView.swift in Sources */ = {isa = PBXBuildFile; fileRef = 6FE3CAA128BD6F5B0006F69F /* MenuView.swift */; };
		6FE3CAA628BD98340006F69F /* BaseView.swift in Sources */ = {isa = PBXBuildFile; fileRef = 6FE3CA9F28BD6B940006F69F /* BaseView.swift */; };
		6FE3CAA728BD98340006F69F /* MenuView.swift in Sources */ = {isa = PBXBuildFile; fileRef = 6FE3CAA128BD6F5B0006F69F /* MenuView.swift */; };
		6FE3CAA828BD98340006F69F /* OnBoardingView.swift in Sources */ = {isa = PBXBuildFile; fileRef = 6FE3CA6B28BD536E0006F69F /* OnBoardingView.swift */; };
		6FE3CAA928BD98340006F69F /* MyClubApp.swift in Sources */ = {isa = PBXBuildFile; fileRef = 6FE3CA6928BD536E0006F69F /* MyClubApp.swift */; };
		6FE3CAAC28BD98340006F69F /* Preview Assets.xcassets in Resources */ = {isa = PBXBuildFile; fileRef = 6FE3CA7028BD536F0006F69F /* Preview Assets.xcassets */; };
		6FE3CAAD28BD98340006F69F /* Assets.xcassets in Resources */ = {isa = PBXBuildFile; fileRef = 6FE3CA6D28BD536F0006F69F /* Assets.xcassets */; };
		6FE3CAB328BD99270006F69F /* FCEBM-Info.plist in Resources */ = {isa = PBXBuildFile; fileRef = 6FE3CAB228BD99270006F69F /* FCEBM-Info.plist */; };
		6FE3CAB428BD99270006F69F /* FCEBM-Info.plist in Resources */ = {isa = PBXBuildFile; fileRef = 6FE3CAB228BD99270006F69F /* FCEBM-Info.plist */; };
		6FE3CAB728BD9A130006F69F /* Configuration.swift in Sources */ = {isa = PBXBuildFile; fileRef = 6FE3CAB628BD9A130006F69F /* Configuration.swift */; };
		6FE3CAB828BD9A130006F69F /* Configuration.swift in Sources */ = {isa = PBXBuildFile; fileRef = 6FE3CAB628BD9A130006F69F /* Configuration.swift */; };
		6FE3CABA28BDA23D0006F69F /* HomeWebView.swift in Sources */ = {isa = PBXBuildFile; fileRef = 6FE3CAB928BDA23D0006F69F /* HomeWebView.swift */; };
		6FE3CABB28BDA23D0006F69F /* HomeWebView.swift in Sources */ = {isa = PBXBuildFile; fileRef = 6FE3CAB928BDA23D0006F69F /* HomeWebView.swift */; };
		6FE3CABE28BDA3BF0006F69F /* WebViewController.swift in Sources */ = {isa = PBXBuildFile; fileRef = 6FE3CABD28BDA3BF0006F69F /* WebViewController.swift */; };
		6FE3CABF28BDA3BF0006F69F /* WebViewController.swift in Sources */ = {isa = PBXBuildFile; fileRef = 6FE3CABD28BDA3BF0006F69F /* WebViewController.swift */; };
/* End PBXBuildFile section */

/* Begin PBXContainerItemProxy section */
		6FE3CA7728BD536F0006F69F /* PBXContainerItemProxy */ = {
			isa = PBXContainerItemProxy;
			containerPortal = 6FE3CA5E28BD536E0006F69F /* Project object */;
			proxyType = 1;
			remoteGlobalIDString = 6FE3CA6528BD536E0006F69F;
			remoteInfo = MyClub;
		};
		6FE3CA8128BD536F0006F69F /* PBXContainerItemProxy */ = {
			isa = PBXContainerItemProxy;
			containerPortal = 6FE3CA5E28BD536E0006F69F /* Project object */;
			proxyType = 1;
			remoteGlobalIDString = 6FE3CA6528BD536E0006F69F;
			remoteInfo = MyClub;
		};
/* End PBXContainerItemProxy section */

/* Begin PBXFileReference section */
		6FE3CA6628BD536E0006F69F /* MyClubApp.app */ = {isa = PBXFileReference; explicitFileType = wrapper.application; includeInIndex = 0; path = MyClubApp.app; sourceTree = BUILT_PRODUCTS_DIR; };
		6FE3CA6928BD536E0006F69F /* MyClubApp.swift */ = {isa = PBXFileReference; lastKnownFileType = sourcecode.swift; path = MyClubApp.swift; sourceTree = "<group>"; };
		6FE3CA6B28BD536E0006F69F /* OnBoardingView.swift */ = {isa = PBXFileReference; lastKnownFileType = sourcecode.swift; path = OnBoardingView.swift; sourceTree = "<group>"; };
		6FE3CA6D28BD536F0006F69F /* Assets.xcassets */ = {isa = PBXFileReference; lastKnownFileType = folder.assetcatalog; path = Assets.xcassets; sourceTree = "<group>"; };
		6FE3CA7028BD536F0006F69F /* Preview Assets.xcassets */ = {isa = PBXFileReference; lastKnownFileType = folder.assetcatalog; path = "Preview Assets.xcassets"; sourceTree = "<group>"; };
		6FE3CA7628BD536F0006F69F /* MyClubAppTests.xctest */ = {isa = PBXFileReference; explicitFileType = wrapper.cfbundle; includeInIndex = 0; path = MyClubAppTests.xctest; sourceTree = BUILT_PRODUCTS_DIR; };
		6FE3CA7A28BD536F0006F69F /* MyClubTests.swift */ = {isa = PBXFileReference; lastKnownFileType = sourcecode.swift; path = MyClubTests.swift; sourceTree = "<group>"; };
		6FE3CA8028BD536F0006F69F /* MyClubAppUITests.xctest */ = {isa = PBXFileReference; explicitFileType = wrapper.cfbundle; includeInIndex = 0; path = MyClubAppUITests.xctest; sourceTree = BUILT_PRODUCTS_DIR; };
		6FE3CA8428BD536F0006F69F /* MyClubUITests.swift */ = {isa = PBXFileReference; lastKnownFileType = sourcecode.swift; path = MyClubUITests.swift; sourceTree = "<group>"; };
		6FE3CA8628BD536F0006F69F /* MyClubUITestsLaunchTests.swift */ = {isa = PBXFileReference; lastKnownFileType = sourcecode.swift; path = MyClubUITestsLaunchTests.swift; sourceTree = "<group>"; };
		6FE3CA9F28BD6B940006F69F /* BaseView.swift */ = {isa = PBXFileReference; lastKnownFileType = sourcecode.swift; path = BaseView.swift; sourceTree = "<group>"; };
		6FE3CAA128BD6F5B0006F69F /* MenuView.swift */ = {isa = PBXFileReference; lastKnownFileType = sourcecode.swift; path = MenuView.swift; sourceTree = "<group>"; };
		6FE3CAB128BD98340006F69F /* FCEBM.app */ = {isa = PBXFileReference; explicitFileType = wrapper.application; includeInIndex = 0; path = FCEBM.app; sourceTree = BUILT_PRODUCTS_DIR; };
		6FE3CAB228BD99270006F69F /* FCEBM-Info.plist */ = {isa = PBXFileReference; lastKnownFileType = text.plist.xml; path = "FCEBM-Info.plist"; sourceTree = "<group>"; };
		6FE3CAB628BD9A130006F69F /* Configuration.swift */ = {isa = PBXFileReference; lastKnownFileType = sourcecode.swift; path = Configuration.swift; sourceTree = "<group>"; };
		6FE3CAB928BDA23D0006F69F /* HomeWebView.swift */ = {isa = PBXFileReference; lastKnownFileType = sourcecode.swift; path = HomeWebView.swift; sourceTree = "<group>"; };
		6FE3CABD28BDA3BF0006F69F /* WebViewController.swift */ = {isa = PBXFileReference; lastKnownFileType = sourcecode.swift; path = WebViewController.swift; sourceTree = "<group>"; };
/* End PBXFileReference section */

/* Begin PBXFrameworksBuildPhase section */
		6FE3CA6328BD536E0006F69F /* Frameworks */ = {
			isa = PBXFrameworksBuildPhase;
			buildActionMask = 2147483647;
			files = (
			);
			runOnlyForDeploymentPostprocessing = 0;
		};
		6FE3CA7328BD536F0006F69F /* Frameworks */ = {
			isa = PBXFrameworksBuildPhase;
			buildActionMask = 2147483647;
			files = (
			);
			runOnlyForDeploymentPostprocessing = 0;
		};
		6FE3CA7D28BD536F0006F69F /* Frameworks */ = {
			isa = PBXFrameworksBuildPhase;
			buildActionMask = 2147483647;
			files = (
			);
			runOnlyForDeploymentPostprocessing = 0;
		};
		6FE3CAAA28BD98340006F69F /* Frameworks */ = {
			isa = PBXFrameworksBuildPhase;
			buildActionMask = 2147483647;
			files = (
			);
			runOnlyForDeploymentPostprocessing = 0;
		};
/* End PBXFrameworksBuildPhase section */

/* Begin PBXGroup section */
		6FE3CA5D28BD536E0006F69F = {
			isa = PBXGroup;
			children = (
				6FE3CA6828BD536E0006F69F /* MyClubApp */,
				6FE3CA7928BD536F0006F69F /* MyClubTests */,
				6FE3CA8328BD536F0006F69F /* MyClubUITests */,
				6FE3CA6728BD536E0006F69F /* Products */,
			);
			sourceTree = "<group>";
		};
		6FE3CA6728BD536E0006F69F /* Products */ = {
			isa = PBXGroup;
			children = (
				6FE3CA6628BD536E0006F69F /* MyClubApp.app */,
				6FE3CA7628BD536F0006F69F /* MyClubAppTests.xctest */,
				6FE3CA8028BD536F0006F69F /* MyClubAppUITests.xctest */,
				6FE3CAB128BD98340006F69F /* FCEBM.app */,
			);
			name = Products;
			sourceTree = "<group>";
		};
		6FE3CA6828BD536E0006F69F /* MyClubApp */ = {
			isa = PBXGroup;
			children = (
				6FE3CABC28BDA39C0006F69F /* Controllers */,
				6FE3CAB528BD99FB0006F69F /* Helpers */,
				6FE3CA9428BD541A0006F69F /* Resources */,
				6FE3CA9328BD54080006F69F /* Views */,
				6FE3CA6928BD536E0006F69F /* MyClubApp.swift */,
				6FE3CA6F28BD536F0006F69F /* Preview Content */,
			);
			path = MyClubApp;
			sourceTree = "<group>";
		};
		6FE3CA6F28BD536F0006F69F /* Preview Content */ = {
			isa = PBXGroup;
			children = (
				6FE3CA7028BD536F0006F69F /* Preview Assets.xcassets */,
			);
			path = "Preview Content";
			sourceTree = "<group>";
		};
		6FE3CA7928BD536F0006F69F /* MyClubTests */ = {
			isa = PBXGroup;
			children = (
				6FE3CA7A28BD536F0006F69F /* MyClubTests.swift */,
			);
			path = MyClubTests;
			sourceTree = "<group>";
		};
		6FE3CA8328BD536F0006F69F /* MyClubUITests */ = {
			isa = PBXGroup;
			children = (
				6FE3CA8428BD536F0006F69F /* MyClubUITests.swift */,
				6FE3CA8628BD536F0006F69F /* MyClubUITestsLaunchTests.swift */,
			);
			path = MyClubUITests;
			sourceTree = "<group>";
		};
		6FE3CA9328BD54080006F69F /* Views */ = {
			isa = PBXGroup;
			children = (
				6FE3CA9E28BD6B640006F69F /* Menu */,
				6FE3CA9528BD5B0F0006F69F /* OnBoardingViews */,
			);
			path = Views;
			sourceTree = "<group>";
		};
		6FE3CA9428BD541A0006F69F /* Resources */ = {
			isa = PBXGroup;
			children = (
				6FE3CAA328BD97B40006F69F /* FCEBM */,
			);
			path = Resources;
			sourceTree = "<group>";
		};
		6FE3CA9528BD5B0F0006F69F /* OnBoardingViews */ = {
			isa = PBXGroup;
			children = (
				6FE3CA6B28BD536E0006F69F /* OnBoardingView.swift */,
				6FE3CAB928BDA23D0006F69F /* HomeWebView.swift */,
			);
			path = OnBoardingViews;
			sourceTree = "<group>";
		};
		6FE3CA9E28BD6B640006F69F /* Menu */ = {
			isa = PBXGroup;
			children = (
				6FE3CA9F28BD6B940006F69F /* BaseView.swift */,
				6FE3CAA128BD6F5B0006F69F /* MenuView.swift */,
			);
			path = Menu;
			sourceTree = "<group>";
		};
		6FE3CAA328BD97B40006F69F /* FCEBM */ = {
			isa = PBXGroup;
			children = (
				6FE3CA6D28BD536F0006F69F /* Assets.xcassets */,
				6FE3CAB228BD99270006F69F /* FCEBM-Info.plist */,
			);
			path = FCEBM;
			sourceTree = "<group>";
		};
		6FE3CAB528BD99FB0006F69F /* Helpers */ = {
			isa = PBXGroup;
			children = (
				6FE3CAB628BD9A130006F69F /* Configuration.swift */,
			);
			path = Helpers;
			sourceTree = "<group>";
		};
		6FE3CABC28BDA39C0006F69F /* Controllers */ = {
			isa = PBXGroup;
			children = (
				6FE3CABD28BDA3BF0006F69F /* WebViewController.swift */,
			);
			path = Controllers;
			sourceTree = "<group>";
		};
/* End PBXGroup section */

/* Begin PBXNativeTarget section */
		6FE3CA6528BD536E0006F69F /* MyClubApp */ = {
			isa = PBXNativeTarget;
			buildConfigurationList = 6FE3CA8A28BD536F0006F69F /* Build configuration list for PBXNativeTarget "MyClubApp" */;
			buildPhases = (
				6FE3CA6228BD536E0006F69F /* Sources */,
				6FE3CA6328BD536E0006F69F /* Frameworks */,
				6FE3CA6428BD536E0006F69F /* Resources */,
			);
			buildRules = (
			);
			dependencies = (
			);
			name = MyClubApp;
			productName = MyClub;
			productReference = 6FE3CA6628BD536E0006F69F /* MyClubApp.app */;
			productType = "com.apple.product-type.application";
		};
		6FE3CA7528BD536F0006F69F /* MyClubAppTests */ = {
			isa = PBXNativeTarget;
			buildConfigurationList = 6FE3CA8D28BD536F0006F69F /* Build configuration list for PBXNativeTarget "MyClubAppTests" */;
			buildPhases = (
				6FE3CA7228BD536F0006F69F /* Sources */,
				6FE3CA7328BD536F0006F69F /* Frameworks */,
				6FE3CA7428BD536F0006F69F /* Resources */,
			);
			buildRules = (
			);
			dependencies = (
				6FE3CA7828BD536F0006F69F /* PBXTargetDependency */,
			);
			name = MyClubAppTests;
			productName = MyClubTests;
			productReference = 6FE3CA7628BD536F0006F69F /* MyClubAppTests.xctest */;
			productType = "com.apple.product-type.bundle.unit-test";
		};
		6FE3CA7F28BD536F0006F69F /* MyClubAppUITests */ = {
			isa = PBXNativeTarget;
			buildConfigurationList = 6FE3CA9028BD536F0006F69F /* Build configuration list for PBXNativeTarget "MyClubAppUITests" */;
			buildPhases = (
				6FE3CA7C28BD536F0006F69F /* Sources */,
				6FE3CA7D28BD536F0006F69F /* Frameworks */,
				6FE3CA7E28BD536F0006F69F /* Resources */,
			);
			buildRules = (
			);
			dependencies = (
				6FE3CA8228BD536F0006F69F /* PBXTargetDependency */,
			);
			name = MyClubAppUITests;
			productName = MyClubUITests;
			productReference = 6FE3CA8028BD536F0006F69F /* MyClubAppUITests.xctest */;
			productType = "com.apple.product-type.bundle.ui-testing";
		};
		6FE3CAA428BD98340006F69F /* FCEBM */ = {
			isa = PBXNativeTarget;
			buildConfigurationList = 6FE3CAAE28BD98340006F69F /* Build configuration list for PBXNativeTarget "FCEBM" */;
			buildPhases = (
				6FE3CAA528BD98340006F69F /* Sources */,
				6FE3CAAA28BD98340006F69F /* Frameworks */,
				6FE3CAAB28BD98340006F69F /* Resources */,
			);
			buildRules = (
			);
			dependencies = (
			);
			name = FCEBM;
			productName = MyClub;
			productReference = 6FE3CAB128BD98340006F69F /* FCEBM.app */;
			productType = "com.apple.product-type.application";
		};
/* End PBXNativeTarget section */

/* Begin PBXProject section */
		6FE3CA5E28BD536E0006F69F /* Project object */ = {
			isa = PBXProject;
			attributes = {
				BuildIndependentTargetsInParallel = 1;
				LastSwiftUpdateCheck = 1400;
				LastUpgradeCheck = 1400;
				TargetAttributes = {
					6FE3CA6528BD536E0006F69F = {
						CreatedOnToolsVersion = 14.0;
					};
					6FE3CA7528BD536F0006F69F = {
						CreatedOnToolsVersion = 14.0;
						TestTargetID = 6FE3CA6528BD536E0006F69F;
					};
					6FE3CA7F28BD536F0006F69F = {
						CreatedOnToolsVersion = 14.0;
						TestTargetID = 6FE3CA6528BD536E0006F69F;
					};
				};
			};
			buildConfigurationList = 6FE3CA6128BD536E0006F69F /* Build configuration list for PBXProject "MyClubApp" */;
			compatibilityVersion = "Xcode 14.0";
			developmentRegion = en;
			hasScannedForEncodings = 0;
			knownRegions = (
				en,
				Base,
			);
			mainGroup = 6FE3CA5D28BD536E0006F69F;
			productRefGroup = 6FE3CA6728BD536E0006F69F /* Products */;
			projectDirPath = "";
			projectRoot = "";
			targets = (
				6FE3CA6528BD536E0006F69F /* MyClubApp */,
				6FE3CA7528BD536F0006F69F /* MyClubAppTests */,
				6FE3CA7F28BD536F0006F69F /* MyClubAppUITests */,
				6FE3CAA428BD98340006F69F /* FCEBM */,
			);
		};
/* End PBXProject section */

/* Begin PBXResourcesBuildPhase section */
		6FE3CA6428BD536E0006F69F /* Resources */ = {
			isa = PBXResourcesBuildPhase;
			buildActionMask = 2147483647;
			files = (
				6FE3CA7128BD536F0006F69F /* Preview Assets.xcassets in Resources */,
				6FE3CAB328BD99270006F69F /* FCEBM-Info.plist in Resources */,
				6FE3CA6E28BD536F0006F69F /* Assets.xcassets in Resources */,
			);
			runOnlyForDeploymentPostprocessing = 0;
		};
		6FE3CA7428BD536F0006F69F /* Resources */ = {
			isa = PBXResourcesBuildPhase;
			buildActionMask = 2147483647;
			files = (
			);
			runOnlyForDeploymentPostprocessing = 0;
		};
		6FE3CA7E28BD536F0006F69F /* Resources */ = {
			isa = PBXResourcesBuildPhase;
			buildActionMask = 2147483647;
			files = (
			);
			runOnlyForDeploymentPostprocessing = 0;
		};
		6FE3CAAB28BD98340006F69F /* Resources */ = {
			isa = PBXResourcesBuildPhase;
			buildActionMask = 2147483647;
			files = (
				6FE3CAAC28BD98340006F69F /* Preview Assets.xcassets in Resources */,
				6FE3CAB428BD99270006F69F /* FCEBM-Info.plist in Resources */,
				6FE3CAAD28BD98340006F69F /* Assets.xcassets in Resources */,
			);
			runOnlyForDeploymentPostprocessing = 0;
		};
/* End PBXResourcesBuildPhase section */

/* Begin PBXSourcesBuildPhase section */
		6FE3CA6228BD536E0006F69F /* Sources */ = {
			isa = PBXSourcesBuildPhase;
			buildActionMask = 2147483647;
			files = (
				6FE3CAA028BD6B940006F69F /* BaseView.swift in Sources */,
				6FE3CAB728BD9A130006F69F /* Configuration.swift in Sources */,
				6FE3CABA28BDA23D0006F69F /* HomeWebView.swift in Sources */,
				6FE3CAA228BD6F5B0006F69F /* MenuView.swift in Sources */,
				6FE3CABE28BDA3BF0006F69F /* WebViewController.swift in Sources */,
				6FE3CA6C28BD536E0006F69F /* OnBoardingView.swift in Sources */,
				6FE3CA6A28BD536E0006F69F /* MyClubApp.swift in Sources */,
			);
			runOnlyForDeploymentPostprocessing = 0;
		};
		6FE3CA7228BD536F0006F69F /* Sources */ = {
			isa = PBXSourcesBuildPhase;
			buildActionMask = 2147483647;
			files = (
				6FE3CA7B28BD536F0006F69F /* MyClubTests.swift in Sources */,
			);
			runOnlyForDeploymentPostprocessing = 0;
		};
		6FE3CA7C28BD536F0006F69F /* Sources */ = {
			isa = PBXSourcesBuildPhase;
			buildActionMask = 2147483647;
			files = (
				6FE3CA8728BD536F0006F69F /* MyClubUITestsLaunchTests.swift in Sources */,
				6FE3CA8528BD536F0006F69F /* MyClubUITests.swift in Sources */,
			);
			runOnlyForDeploymentPostprocessing = 0;
		};
		6FE3CAA528BD98340006F69F /* Sources */ = {
			isa = PBXSourcesBuildPhase;
			buildActionMask = 2147483647;
			files = (
				6FE3CAA628BD98340006F69F /* BaseView.swift in Sources */,
				6FE3CAB828BD9A130006F69F /* Configuration.swift in Sources */,
				6FE3CABB28BDA23D0006F69F /* HomeWebView.swift in Sources */,
				6FE3CAA728BD98340006F69F /* MenuView.swift in Sources */,
				6FE3CABF28BDA3BF0006F69F /* WebViewController.swift in Sources */,
				6FE3CAA828BD98340006F69F /* OnBoardingView.swift in Sources */,
				6FE3CAA928BD98340006F69F /* MyClubApp.swift in Sources */,
			);
			runOnlyForDeploymentPostprocessing = 0;
		};
/* End PBXSourcesBuildPhase section */

/* Begin PBXTargetDependency section */
		6FE3CA7828BD536F0006F69F /* PBXTargetDependency */ = {
			isa = PBXTargetDependency;
			target = 6FE3CA6528BD536E0006F69F /* MyClubApp */;
			targetProxy = 6FE3CA7728BD536F0006F69F /* PBXContainerItemProxy */;
		};
		6FE3CA8228BD536F0006F69F /* PBXTargetDependency */ = {
			isa = PBXTargetDependency;
			target = 6FE3CA6528BD536E0006F69F /* MyClubApp */;
			targetProxy = 6FE3CA8128BD536F0006F69F /* PBXContainerItemProxy */;
		};
/* End PBXTargetDependency section */

/* Begin XCBuildConfiguration section */
		6FE3CA8828BD536F0006F69F /* Debug */ = {
			isa = XCBuildConfiguration;
			buildSettings = {
				ALWAYS_SEARCH_USER_PATHS = NO;
				CLANG_ANALYZER_NONNULL = YES;
				CLANG_ANALYZER_NUMBER_OBJECT_CONVERSION = YES_AGGRESSIVE;
				CLANG_CXX_LANGUAGE_STANDARD = "gnu++20";
				CLANG_ENABLE_MODULES = YES;
				CLANG_ENABLE_OBJC_ARC = YES;
				CLANG_ENABLE_OBJC_WEAK = YES;
				CLANG_WARN_BLOCK_CAPTURE_AUTORELEASING = YES;
				CLANG_WARN_BOOL_CONVERSION = YES;
				CLANG_WARN_COMMA = YES;
				CLANG_WARN_CONSTANT_CONVERSION = YES;
				CLANG_WARN_DEPRECATED_OBJC_IMPLEMENTATIONS = YES;
				CLANG_WARN_DIRECT_OBJC_ISA_USAGE = YES_ERROR;
				CLANG_WARN_DOCUMENTATION_COMMENTS = YES;
				CLANG_WARN_EMPTY_BODY = YES;
				CLANG_WARN_ENUM_CONVERSION = YES;
				CLANG_WARN_INFINITE_RECURSION = YES;
				CLANG_WARN_INT_CONVERSION = YES;
				CLANG_WARN_NON_LITERAL_NULL_CONVERSION = YES;
				CLANG_WARN_OBJC_IMPLICIT_RETAIN_SELF = YES;
				CLANG_WARN_OBJC_LITERAL_CONVERSION = YES;
				CLANG_WARN_OBJC_ROOT_CLASS = YES_ERROR;
				CLANG_WARN_QUOTED_INCLUDE_IN_FRAMEWORK_HEADER = YES;
				CLANG_WARN_RANGE_LOOP_ANALYSIS = YES;
				CLANG_WARN_STRICT_PROTOTYPES = YES;
				CLANG_WARN_SUSPICIOUS_MOVE = YES;
				CLANG_WARN_UNGUARDED_AVAILABILITY = YES_AGGRESSIVE;
				CLANG_WARN_UNREACHABLE_CODE = YES;
				CLANG_WARN__DUPLICATE_METHOD_MATCH = YES;
				COPY_PHASE_STRIP = NO;
				DEBUG_INFORMATION_FORMAT = dwarf;
				ENABLE_STRICT_OBJC_MSGSEND = YES;
				ENABLE_TESTABILITY = YES;
				GCC_C_LANGUAGE_STANDARD = gnu11;
				GCC_DYNAMIC_NO_PIC = NO;
				GCC_NO_COMMON_BLOCKS = YES;
				GCC_OPTIMIZATION_LEVEL = 0;
				GCC_PREPROCESSOR_DEFINITIONS = (
					"DEBUG=1",
					"$(inherited)",
				);
				GCC_WARN_64_TO_32_BIT_CONVERSION = YES;
				GCC_WARN_ABOUT_RETURN_TYPE = YES_ERROR;
				GCC_WARN_UNDECLARED_SELECTOR = YES;
				GCC_WARN_UNINITIALIZED_AUTOS = YES_AGGRESSIVE;
				GCC_WARN_UNUSED_FUNCTION = YES;
				GCC_WARN_UNUSED_VARIABLE = YES;
				IPHONEOS_DEPLOYMENT_TARGET = 16.0;
				MTL_ENABLE_DEBUG_INFO = INCLUDE_SOURCE;
				MTL_FAST_MATH = YES;
				ONLY_ACTIVE_ARCH = YES;
				SDKROOT = iphoneos;
				SWIFT_ACTIVE_COMPILATION_CONDITIONS = DEBUG;
				SWIFT_OPTIMIZATION_LEVEL = "-Onone";
			};
			name = Debug;
		};
		6FE3CA8928BD536F0006F69F /* Release */ = {
			isa = XCBuildConfiguration;
			buildSettings = {
				ALWAYS_SEARCH_USER_PATHS = NO;
				CLANG_ANALYZER_NONNULL = YES;
				CLANG_ANALYZER_NUMBER_OBJECT_CONVERSION = YES_AGGRESSIVE;
				CLANG_CXX_LANGUAGE_STANDARD = "gnu++20";
				CLANG_ENABLE_MODULES = YES;
				CLANG_ENABLE_OBJC_ARC = YES;
				CLANG_ENABLE_OBJC_WEAK = YES;
				CLANG_WARN_BLOCK_CAPTURE_AUTORELEASING = YES;
				CLANG_WARN_BOOL_CONVERSION = YES;
				CLANG_WARN_COMMA = YES;
				CLANG_WARN_CONSTANT_CONVERSION = YES;
				CLANG_WARN_DEPRECATED_OBJC_IMPLEMENTATIONS = YES;
				CLANG_WARN_DIRECT_OBJC_ISA_USAGE = YES_ERROR;
				CLANG_WARN_DOCUMENTATION_COMMENTS = YES;
				CLANG_WARN_EMPTY_BODY = YES;
				CLANG_WARN_ENUM_CONVERSION = YES;
				CLANG_WARN_INFINITE_RECURSION = YES;
				CLANG_WARN_INT_CONVERSION = YES;
				CLANG_WARN_NON_LITERAL_NULL_CONVERSION = YES;
				CLANG_WARN_OBJC_IMPLICIT_RETAIN_SELF = YES;
				CLANG_WARN_OBJC_LITERAL_CONVERSION = YES;
				CLANG_WARN_OBJC_ROOT_CLASS = YES_ERROR;
				CLANG_WARN_QUOTED_INCLUDE_IN_FRAMEWORK_HEADER = YES;
				CLANG_WARN_RANGE_LOOP_ANALYSIS = YES;
				CLANG_WARN_STRICT_PROTOTYPES = YES;
				CLANG_WARN_SUSPICIOUS_MOVE = YES;
				CLANG_WARN_UNGUARDED_AVAILABILITY = YES_AGGRESSIVE;
				CLANG_WARN_UNREACHABLE_CODE = YES;
				CLANG_WARN__DUPLICATE_METHOD_MATCH = YES;
				COPY_PHASE_STRIP = NO;
				DEBUG_INFORMATION_FORMAT = "dwarf-with-dsym";
				ENABLE_NS_ASSERTIONS = NO;
				ENABLE_STRICT_OBJC_MSGSEND = YES;
				GCC_C_LANGUAGE_STANDARD = gnu11;
				GCC_NO_COMMON_BLOCKS = YES;
				GCC_WARN_64_TO_32_BIT_CONVERSION = YES;
				GCC_WARN_ABOUT_RETURN_TYPE = YES_ERROR;
				GCC_WARN_UNDECLARED_SELECTOR = YES;
				GCC_WARN_UNINITIALIZED_AUTOS = YES_AGGRESSIVE;
				GCC_WARN_UNUSED_FUNCTION = YES;
				GCC_WARN_UNUSED_VARIABLE = YES;
				IPHONEOS_DEPLOYMENT_TARGET = 16.0;
				MTL_ENABLE_DEBUG_INFO = NO;
				MTL_FAST_MATH = YES;
				SDKROOT = iphoneos;
				SWIFT_COMPILATION_MODE = wholemodule;
				SWIFT_OPTIMIZATION_LEVEL = "-O";
				VALIDATE_PRODUCT = YES;
			};
			name = Release;
		};
		6FE3CA8B28BD536F0006F69F /* Debug */ = {
			isa = XCBuildConfiguration;
			buildSettings = {
				ASSETCATALOG_COMPILER_APPICON_NAME = AppIcon;
				ASSETCATALOG_COMPILER_GLOBAL_ACCENT_COLOR_NAME = AccentColor;
				CODE_SIGN_STYLE = Automatic;
				CURRENT_PROJECT_VERSION = 1;
				DEVELOPMENT_ASSET_PATHS = "\"MyClub/Preview Content\"";
				DEVELOPMENT_TEAM = 7C4373ZES7;
				ENABLE_PREVIEWS = YES;
				GENERATE_INFOPLIST_FILE = YES;
				INFOPLIST_FILE = "MyClub/Resources/FCEBM/FCEBM-Info.plist";
				INFOPLIST_KEY_UIApplicationSceneManifest_Generation = YES;
				INFOPLIST_KEY_UIApplicationSupportsIndirectInputEvents = YES;
				INFOPLIST_KEY_UILaunchScreen_Generation = YES;
				INFOPLIST_KEY_UISupportedInterfaceOrientations_iPad = "UIInterfaceOrientationPortrait UIInterfaceOrientationPortraitUpsideDown UIInterfaceOrientationLandscapeLeft UIInterfaceOrientationLandscapeRight";
				INFOPLIST_KEY_UISupportedInterfaceOrientations_iPhone = "UIInterfaceOrientationPortrait UIInterfaceOrientationLandscapeLeft UIInterfaceOrientationLandscapeRight";
				LD_RUNPATH_SEARCH_PATHS = (
					"$(inherited)",
					"@executable_path/Frameworks",
				);
				MARKETING_VERSION = 1.0;
				PRODUCT_BUNDLE_IDENTIFIER = "be-is.fr.MyClub";
				PRODUCT_NAME = "$(TARGET_NAME)";
				SWIFT_EMIT_LOC_STRINGS = YES;
				SWIFT_VERSION = 5.0;
				TARGETED_DEVICE_FAMILY = "1,2";
			};
			name = Debug;
		};
		6FE3CA8C28BD536F0006F69F /* Release */ = {
			isa = XCBuildConfiguration;
			buildSettings = {
				ASSETCATALOG_COMPILER_APPICON_NAME = AppIcon;
				ASSETCATALOG_COMPILER_GLOBAL_ACCENT_COLOR_NAME = AccentColor;
				CODE_SIGN_STYLE = Automatic;
				CURRENT_PROJECT_VERSION = 1;
				DEVELOPMENT_ASSET_PATHS = "\"MyClub/Preview Content\"";
				DEVELOPMENT_TEAM = 7C4373ZES7;
				ENABLE_PREVIEWS = YES;
				GENERATE_INFOPLIST_FILE = YES;
				INFOPLIST_FILE = "MyClub/Resources/FCEBM/FCEBM-Info.plist";
				INFOPLIST_KEY_UIApplicationSceneManifest_Generation = YES;
				INFOPLIST_KEY_UIApplicationSupportsIndirectInputEvents = YES;
				INFOPLIST_KEY_UILaunchScreen_Generation = YES;
				INFOPLIST_KEY_UISupportedInterfaceOrientations_iPad = "UIInterfaceOrientationPortrait UIInterfaceOrientationPortraitUpsideDown UIInterfaceOrientationLandscapeLeft UIInterfaceOrientationLandscapeRight";
				INFOPLIST_KEY_UISupportedInterfaceOrientations_iPhone = "UIInterfaceOrientationPortrait UIInterfaceOrientationLandscapeLeft UIInterfaceOrientationLandscapeRight";
				LD_RUNPATH_SEARCH_PATHS = (
					"$(inherited)",
					"@executable_path/Frameworks",
				);
				MARKETING_VERSION = 1.0;
				PRODUCT_BUNDLE_IDENTIFIER = "be-is.fr.MyClub";
				PRODUCT_NAME = "$(TARGET_NAME)";
				SWIFT_EMIT_LOC_STRINGS = YES;
				SWIFT_VERSION = 5.0;
				TARGETED_DEVICE_FAMILY = "1,2";
			};
			name = Release;
		};
		6FE3CA8E28BD536F0006F69F /* Debug */ = {
			isa = XCBuildConfiguration;
			buildSettings = {
				ALWAYS_EMBED_SWIFT_STANDARD_LIBRARIES = YES;
				BUNDLE_LOADER = "$(TEST_HOST)";
				CODE_SIGN_STYLE = Automatic;
				CURRENT_PROJECT_VERSION = 1;
				DEVELOPMENT_TEAM = 7C4373ZES7;
				GENERATE_INFOPLIST_FILE = YES;
				IPHONEOS_DEPLOYMENT_TARGET = 16.0;
				MARKETING_VERSION = 1.0;
				PRODUCT_BUNDLE_IDENTIFIER = "be-is.fr.MyClubTests";
				PRODUCT_NAME = "$(TARGET_NAME)";
				SWIFT_EMIT_LOC_STRINGS = NO;
				SWIFT_VERSION = 5.0;
				TARGETED_DEVICE_FAMILY = "1,2";
				TEST_HOST = "$(BUILT_PRODUCTS_DIR)/MyClubApp.app/$(BUNDLE_EXECUTABLE_FOLDER_PATH)/MyClubApp";
			};
			name = Debug;
		};
		6FE3CA8F28BD536F0006F69F /* Release */ = {
			isa = XCBuildConfiguration;
			buildSettings = {
				ALWAYS_EMBED_SWIFT_STANDARD_LIBRARIES = YES;
				BUNDLE_LOADER = "$(TEST_HOST)";
				CODE_SIGN_STYLE = Automatic;
				CURRENT_PROJECT_VERSION = 1;
				DEVELOPMENT_TEAM = 7C4373ZES7;
				GENERATE_INFOPLIST_FILE = YES;
				IPHONEOS_DEPLOYMENT_TARGET = 16.0;
				MARKETING_VERSION = 1.0;
				PRODUCT_BUNDLE_IDENTIFIER = "be-is.fr.MyClubTests";
				PRODUCT_NAME = "$(TARGET_NAME)";
				SWIFT_EMIT_LOC_STRINGS = NO;
				SWIFT_VERSION = 5.0;
				TARGETED_DEVICE_FAMILY = "1,2";
				TEST_HOST = "$(BUILT_PRODUCTS_DIR)/MyClubApp.app/$(BUNDLE_EXECUTABLE_FOLDER_PATH)/MyClubApp";
			};
			name = Release;
		};
		6FE3CA9128BD536F0006F69F /* Debug */ = {
			isa = XCBuildConfiguration;
			buildSettings = {
				ALWAYS_EMBED_SWIFT_STANDARD_LIBRARIES = YES;
				CODE_SIGN_STYLE = Automatic;
				CURRENT_PROJECT_VERSION = 1;
				DEVELOPMENT_TEAM = 7C4373ZES7;
				GENERATE_INFOPLIST_FILE = YES;
				MARKETING_VERSION = 1.0;
				PRODUCT_BUNDLE_IDENTIFIER = "be-is.fr.MyClubUITests";
				PRODUCT_NAME = "$(TARGET_NAME)";
				SWIFT_EMIT_LOC_STRINGS = NO;
				SWIFT_VERSION = 5.0;
				TARGETED_DEVICE_FAMILY = "1,2";
				TEST_TARGET_NAME = MyClub;
			};
			name = Debug;
		};
		6FE3CA9228BD536F0006F69F /* Release */ = {
			isa = XCBuildConfiguration;
			buildSettings = {
				ALWAYS_EMBED_SWIFT_STANDARD_LIBRARIES = YES;
				CODE_SIGN_STYLE = Automatic;
				CURRENT_PROJECT_VERSION = 1;
				DEVELOPMENT_TEAM = 7C4373ZES7;
				GENERATE_INFOPLIST_FILE = YES;
				MARKETING_VERSION = 1.0;
				PRODUCT_BUNDLE_IDENTIFIER = "be-is.fr.MyClubUITests";
				PRODUCT_NAME = "$(TARGET_NAME)";
				SWIFT_EMIT_LOC_STRINGS = NO;
				SWIFT_VERSION = 5.0;
				TARGETED_DEVICE_FAMILY = "1,2";
				TEST_TARGET_NAME = MyClub;
			};
			name = Release;
		};
		6FE3CAAF28BD98340006F69F /* Debug */ = {
			isa = XCBuildConfiguration;
			buildSettings = {
				ASSETCATALOG_COMPILER_APPICON_NAME = AppIcon;
				ASSETCATALOG_COMPILER_GLOBAL_ACCENT_COLOR_NAME = AccentColor;
				CODE_SIGN_STYLE = Automatic;
				CURRENT_PROJECT_VERSION = 1;
				DEVELOPMENT_ASSET_PATHS = "\"MyClub/Preview Content\"";
				DEVELOPMENT_TEAM = 7C4373ZES7;
				ENABLE_PREVIEWS = YES;
				GENERATE_INFOPLIST_FILE = YES;
				INFOPLIST_FILE = "MyClub/Resources/FCEBM/FCEBM-Info.plist";
				INFOPLIST_KEY_UIApplicationSceneManifest_Generation = YES;
				INFOPLIST_KEY_UIApplicationSupportsIndirectInputEvents = YES;
				INFOPLIST_KEY_UILaunchScreen_Generation = YES;
				INFOPLIST_KEY_UISupportedInterfaceOrientations_iPad = "UIInterfaceOrientationPortrait UIInterfaceOrientationPortraitUpsideDown UIInterfaceOrientationLandscapeLeft UIInterfaceOrientationLandscapeRight";
				INFOPLIST_KEY_UISupportedInterfaceOrientations_iPhone = "UIInterfaceOrientationPortrait UIInterfaceOrientationLandscapeLeft UIInterfaceOrientationLandscapeRight";
				LD_RUNPATH_SEARCH_PATHS = (
					"$(inherited)",
					"@executable_path/Frameworks",
				);
				MARKETING_VERSION = 1.0;
				PRODUCT_BUNDLE_IDENTIFIER = "be-is.fr.MyClub";
				PRODUCT_NAME = "$(TARGET_NAME)";
				SWIFT_EMIT_LOC_STRINGS = YES;
				SWIFT_VERSION = 5.0;
				TARGETED_DEVICE_FAMILY = "1,2";
			};
			name = Debug;
		};
		6FE3CAB028BD98340006F69F /* Release */ = {
			isa = XCBuildConfiguration;
			buildSettings = {
				ASSETCATALOG_COMPILER_APPICON_NAME = AppIcon;
				ASSETCATALOG_COMPILER_GLOBAL_ACCENT_COLOR_NAME = AccentColor;
				CODE_SIGN_STYLE = Automatic;
				CURRENT_PROJECT_VERSION = 1;
				DEVELOPMENT_ASSET_PATHS = "\"MyClub/Preview Content\"";
				DEVELOPMENT_TEAM = 7C4373ZES7;
				ENABLE_PREVIEWS = YES;
				GENERATE_INFOPLIST_FILE = YES;
				INFOPLIST_FILE = "MyClub/Resources/FCEBM/FCEBM-Info.plist";
				INFOPLIST_KEY_UIApplicationSceneManifest_Generation = YES;
				INFOPLIST_KEY_UIApplicationSupportsIndirectInputEvents = YES;
				INFOPLIST_KEY_UILaunchScreen_Generation = YES;
				INFOPLIST_KEY_UISupportedInterfaceOrientations_iPad = "UIInterfaceOrientationPortrait UIInterfaceOrientationPortraitUpsideDown UIInterfaceOrientationLandscapeLeft UIInterfaceOrientationLandscapeRight";
				INFOPLIST_KEY_UISupportedInterfaceOrientations_iPhone = "UIInterfaceOrientationPortrait UIInterfaceOrientationLandscapeLeft UIInterfaceOrientationLandscapeRight";
				LD_RUNPATH_SEARCH_PATHS = (
					"$(inherited)",
					"@executable_path/Frameworks",
				);
				MARKETING_VERSION = 1.0;
				PRODUCT_BUNDLE_IDENTIFIER = "be-is.fr.MyClub";
				PRODUCT_NAME = "$(TARGET_NAME)";
				SWIFT_EMIT_LOC_STRINGS = YES;
				SWIFT_VERSION = 5.0;
				TARGETED_DEVICE_FAMILY = "1,2";
			};
			name = Release;
		};
/* End XCBuildConfiguration section */

/* Begin XCConfigurationList section */
		6FE3CA6128BD536E0006F69F /* Build configuration list for PBXProject "MyClubApp" */ = {
			isa = XCConfigurationList;
			buildConfigurations = (
				6FE3CA8828BD536F0006F69F /* Debug */,
				6FE3CA8928BD536F0006F69F /* Release */,
			);
			defaultConfigurationIsVisible = 0;
			defaultConfigurationName = Release;
		};
		6FE3CA8A28BD536F0006F69F /* Build configuration list for PBXNativeTarget "MyClubApp" */ = {
			isa = XCConfigurationList;
			buildConfigurations = (
				6FE3CA8B28BD536F0006F69F /* Debug */,
				6FE3CA8C28BD536F0006F69F /* Release */,
			);
			defaultConfigurationIsVisible = 0;
			defaultConfigurationName = Release;
		};
		6FE3CA8D28BD536F0006F69F /* Build configuration list for PBXNativeTarget "MyClubAppTests" */ = {
			isa = XCConfigurationList;
			buildConfigurations = (
				6FE3CA8E28BD536F0006F69F /* Debug */,
				6FE3CA8F28BD536F0006F69F /* Release */,
			);
			defaultConfigurationIsVisible = 0;
			defaultConfigurationName = Release;
		};
		6FE3CA9028BD536F0006F69F /* Build configuration list for PBXNativeTarget "MyClubAppUITests" */ = {
			isa = XCConfigurationList;
			buildConfigurations = (
				6FE3CA9128BD536F0006F69F /* Debug */,
				6FE3CA9228BD536F0006F69F /* Release */,
			);
			defaultConfigurationIsVisible = 0;
			defaultConfigurationName = Release;
		};
		6FE3CAAE28BD98340006F69F /* Build configuration list for PBXNativeTarget "FCEBM" */ = {
			isa = XCConfigurationList;
			buildConfigurations = (
				6FE3CAAF28BD98340006F69F /* Debug */,
				6FE3CAB028BD98340006F69F /* Release */,
			);
			defaultConfigurationIsVisible = 0;
			defaultConfigurationName = Release;
		};
/* End XCConfigurationList section */
	};
	rootObject = 6FE3CA5E28BD536E0006F69F /* Project object */;
}
